
Microsoft Visual Studio Solution File, Format Version 12.00
# Visual Studio Version 16
VisualStudioVersion = 16.0.30621.155
MinimumVisualStudioVersion = 10.0.40219.1
Project("{9A19103F-16F7-4668-BE54-9A1E7A4F7556}") = "Howest.Prog.Cia.CurrencySwapper.Wpf", "Howest.Prog.Cia.CurrencySwapper.Wpf\Howest.Prog.Cia.CurrencySwapper.Wpf.csproj", "{3E57DCC0-3BC4-4B67-882A-21FC4669A27C}"
EndProject
Project("{2150E333-8FDC-42A3-9474-1A3956D46DE8}") = "Apps", "Apps", "{069EAD74-EDD4-4ECC-B36F-B6FE73163193}"
EndProject
Project("{9A19103F-16F7-4668-BE54-9A1E7A4F7556}") = "Howest.Prog.Cia.CurrencySwapper.Web", "Howest.Prog.Cia.CurrencySwapper.Web\Howest.Prog.Cia.CurrencySwapper.Web.csproj", "{B735D117-6D08-453C-BB4C-C0D4233AFA2E}"
EndProject
Project("{9A19103F-16F7-4668-BE54-9A1E7A4F7556}") = "Howest.Prog.Cia.CurrencySwapper.Cons", "Howest.Prog.Cia.CurrencySwapper.Cons\Howest.Prog.Cia.CurrencySwapper.Cons.csproj", "{57F3E514-7ADB-493C-B93A-CF8BEC594C11}"
EndProject
Project("{2150E333-8FDC-42A3-9474-1A3956D46DE8}") = "Logic", "Logic", "{B340916B-2F01-458C-BD6D-40EEB9354959}"
EndProject
Project("{2150E333-8FDC-42A3-9474-1A3956D46DE8}") = "Tests", "Tests", "{8C6C7A41-D12A-44C5-8D77-38074C5A8720}"
EndProject
Project("{9A19103F-16F7-4668-BE54-9A1E7A4F7556}") = "Howest.Prog.Cia.UnitConverter.Core", "Howest.Prog.Cia.UnitConverter.Core\Howest.Prog.Cia.UnitConverter.Core.csproj", "{02C63CA0-94FA-40FC-A761-754D0444CFE3}"
EndProject
Project("{FAE04EC0-301F-11D3-BF4B-00C04F79EFBC}") = "Howest.Prog.Cia.CurrencySwapper.Core.Tests", "Howest.Prog.Cia.CurrencySwapper.Core.Tests\Howest.Prog.Cia.CurrencySwapper.Core.Tests.csproj", "{44D0364A-EFFB-4A5E-B055-E9AC78F0F305}"
EndProject
Global
	GlobalSection(SolutionConfigurationPlatforms) = preSolution
		Debug|Any CPU = Debug|Any CPU
		Release|Any CPU = Release|Any CPU
	EndGlobalSection
	GlobalSection(ProjectConfigurationPlatforms) = postSolution
		{3E57DCC0-3BC4-4B67-882A-21FC4669A27C}.Debug|Any CPU.ActiveCfg = Debug|Any CPU
		{3E57DCC0-3BC4-4B67-882A-21FC4669A27C}.Debug|Any CPU.Build.0 = Debug|Any CPU
		{3E57DCC0-3BC4-4B67-882A-21FC4669A27C}.Release|Any CPU.ActiveCfg = Release|Any CPU
		{3E57DCC0-3BC4-4B67-882A-21FC4669A27C}.Release|Any CPU.Build.0 = Release|Any CPU
		{B735D117-6D08-453C-BB4C-C0D4233AFA2E}.Debug|Any CPU.ActiveCfg = Debug|Any CPU
		{B735D117-6D08-453C-BB4C-C0D4233AFA2E}.Debug|Any CPU.Build.0 = Debug|Any CPU
		{B735D117-6D08-453C-BB4C-C0D4233AFA2E}.Release|Any CPU.ActiveCfg = Release|Any CPU
		{B735D117-6D08-453C-BB4C-C0D4233AFA2E}.Release|Any CPU.Build.0 = Release|Any CPU
		{57F3E514-7ADB-493C-B93A-CF8BEC594C11}.Debug|Any CPU.ActiveCfg = Debug|Any CPU
		{57F3E514-7ADB-493C-B93A-CF8BEC594C11}.Debug|Any CPU.Build.0 = Debug|Any CPU
		{57F3E514-7ADB-493C-B93A-CF8BEC594C11}.Release|Any CPU.ActiveCfg = Release|Any CPU
		{57F3E514-7ADB-493C-B93A-CF8BEC594C11}.Release|Any CPU.Build.0 = Release|Any CPU
		{02C63CA0-94FA-40FC-A761-754D0444CFE3}.Debug|Any CPU.ActiveCfg = Debug|Any CPU
		{02C63CA0-94FA-40FC-A761-754D0444CFE3}.Debug|Any CPU.Build.0 = Debug|Any CPU
		{02C63CA0-94FA-40FC-A761-754D0444CFE3}.Release|Any CPU.ActiveCfg = Release|Any CPU
		{02C63CA0-94FA-40FC-A761-754D0444CFE3}.Release|Any CPU.Build.0 = Release|Any CPU
		{44D0364A-EFFB-4A5E-B055-E9AC78F0F305}.Debug|Any CPU.ActiveCfg = Debug|Any CPU
		{44D0364A-EFFB-4A5E-B055-E9AC78F0F305}.Debug|Any CPU.Build.0 = Debug|Any CPU
		{44D0364A-EFFB-4A5E-B055-E9AC78F0F305}.Release|Any CPU.ActiveCfg = Release|Any CPU
		{44D0364A-EFFB-4A5E-B055-E9AC78F0F305}.Release|Any CPU.Build.0 = Release|Any CPU
	EndGlobalSection
	GlobalSection(SolutionProperties) = preSolution
		HideSolutionNode = FALSE
	EndGlobalSection
	GlobalSection(NestedProjects) = preSolution
		{3E57DCC0-3BC4-4B67-882A-21FC4669A27C} = {069EAD74-EDD4-4ECC-B36F-B6FE73163193}
		{B735D117-6D08-453C-BB4C-C0D4233AFA2E} = {069EAD74-EDD4-4ECC-B36F-B6FE73163193}
		{57F3E514-7ADB-493C-B93A-CF8BEC594C11} = {069EAD74-EDD4-4ECC-B36F-B6FE73163193}
		{02C63CA0-94FA-40FC-A761-754D0444CFE3} = {B340916B-2F01-458C-BD6D-40EEB9354959}
		{44D0364A-EFFB-4A5E-B055-E9AC78F0F305} = {8C6C7A41-D12A-44C5-8D77-38074C5A8720}
	EndGlobalSection
	GlobalSection(ExtensibilityGlobals) = postSolution
		SolutionGuid = {5CBC61F0-85AE-4E21-92F0-4E52452D708D}
	EndGlobalSection
EndGlobal
